
Microsoft Visual Studio Solution File, Format Version 12.00
# Visual Studio Version 17
VisualStudioVersion = 17.5.002.0
MinimumVisualStudioVersion = 10.0.40219.1
Project("{9A19103F-16F7-4668-BE54-9A1E7A4F7556}") = "Example0012_Methods", "Example0012_Methods.csproj", "{A7501AAF-E141-4382-B5CF-0E037559D86F}"
EndProject
Global
	GlobalSection(SolutionConfigurationPlatforms) = preSolution
		Debug|Any CPU = Debug|Any CPU
		Release|Any CPU = Release|Any CPU
	EndGlobalSection
	GlobalSection(ProjectConfigurationPlatforms) = postSolution
		{A7501AAF-E141-4382-B5CF-0E037559D86F}.Debug|Any CPU.ActiveCfg = Debug|Any CPU
		{A7501AAF-E141-4382-B5CF-0E037559D86F}.Debug|Any CPU.Build.0 = Debug|Any CPU
		{A7501AAF-E141-4382-B5CF-0E037559D86F}.Release|Any CPU.ActiveCfg = Release|Any CPU
		{A7501AAF-E141-4382-B5CF-0E037559D86F}.Release|Any CPU.Build.0 = Release|Any CPU
	EndGlobalSection
	GlobalSection(SolutionProperties) = preSolution
		HideSolutionNode = FALSE
	EndGlobalSection
	GlobalSection(ExtensibilityGlobals) = postSolution
		SolutionGuid = {CE1235D8-0AD1-4114-9E4E-239496A2A440}
	EndGlobalSection
EndGlobal
